
Microsoft Visual Studio Solution File, Format Version 12.00
# Visual Studio Version 17
VisualStudioVersion = 17.9.34723.18
MinimumVisualStudioVersion = 10.0.40219.1
Project("{FAE04EC0-301F-11D3-BF4B-00C04F79EFBC}") = "LibraryManagementSystem", "LibraryManagementSystem\LibraryManagementSystem.csproj", "{B792D45C-EC17-4333-ACE6-B26549914287}"
EndProject
Global
	GlobalSection(SolutionConfigurationPlatforms) = preSolution
		Debug|Any CPU = Debug|Any CPU
		Release|Any CPU = Release|Any CPU
	EndGlobalSection
	GlobalSection(ProjectConfigurationPlatforms) = postSolution
		{B792D45C-EC17-4333-ACE6-B26549914287}.Debug|Any CPU.ActiveCfg = Debug|Any CPU
		{B792D45C-EC17-4333-ACE6-B26549914287}.Debug|Any CPU.Build.0 = Debug|Any CPU
		{B792D45C-EC17-4333-ACE6-B26549914287}.Release|Any CPU.ActiveCfg = Release|Any CPU
		{B792D45C-EC17-4333-ACE6-B26549914287}.Release|Any CPU.Build.0 = Release|Any CPU
	EndGlobalSection
	GlobalSection(SolutionProperties) = preSolution
		HideSolutionNode = FALSE
	EndGlobalSection
	GlobalSection(ExtensibilityGlobals) = postSolution
		SolutionGuid = {AC043284-ECD4-4748-B21C-40EBD9840AB6}
	EndGlobalSection
EndGlobal
